
Microsoft Visual Studio Solution File, Format Version 12.00
# Visual Studio Version 17
VisualStudioVersion = 17.11.35312.102
MinimumVisualStudioVersion = 10.0.40219.1
Project("{FAE04EC0-301F-11D3-BF4B-00C04F79EFBC}") = "SimpleCalculator", "SimpleCalculator\SimpleCalculator.csproj", "{47D1DC24-65B8-436F-9696-78C77A0DD604}"
EndProject
Global
	GlobalSection(SolutionConfigurationPlatforms) = preSolution
		Debug|Any CPU = Debug|Any CPU
		Release|Any CPU = Release|Any CPU
	EndGlobalSection
	GlobalSection(ProjectConfigurationPlatforms) = postSolution
		{47D1DC24-65B8-436F-9696-78C77A0DD604}.Debug|Any CPU.ActiveCfg = Debug|Any CPU
		{47D1DC24-65B8-436F-9696-78C77A0DD604}.Debug|Any CPU.Build.0 = Debug|Any CPU
		{47D1DC24-65B8-436F-9696-78C77A0DD604}.Debug|Any CPU.Deploy.0 = Debug|Any CPU
		{47D1DC24-65B8-436F-9696-78C77A0DD604}.Release|Any CPU.ActiveCfg = Release|Any CPU
		{47D1DC24-65B8-436F-9696-78C77A0DD604}.Release|Any CPU.Build.0 = Release|Any CPU
		{47D1DC24-65B8-436F-9696-78C77A0DD604}.Release|Any CPU.Deploy.0 = Release|Any CPU
	EndGlobalSection
	GlobalSection(SolutionProperties) = preSolution
		HideSolutionNode = FALSE
	EndGlobalSection
	GlobalSection(ExtensibilityGlobals) = postSolution
		SolutionGuid = {DC091A21-3D6E-4039-8DA3-C7279FF9719A}
	EndGlobalSection
EndGlobal
